
Microsoft Visual Studio Solution File, Format Version 12.00
# Visual Studio 2015
Project("{FAE04EC0-301F-11D3-BF4B-00C04F79EFBC}") = "PROJET.CSharp", "PROJET.CSharp.csproj", "{F05704B5-5276-F465-8B98-959FA78942BB}"
EndProject
Global
	GlobalSection(SolutionConfigurationPlatforms) = preSolution
		Debug|Any CPU = Debug|Any CPU
		Release|Any CPU = Release|Any CPU
	EndGlobalSection
	GlobalSection(ProjectConfigurationPlatforms) = postSolution
		{F05704B5-5276-F465-8B98-959FA78942BB}.Debug|Any CPU.ActiveCfg = Debug|Any CPU
		{F05704B5-5276-F465-8B98-959FA78942BB}.Debug|Any CPU.Build.0 = Debug|Any CPU
		{F05704B5-5276-F465-8B98-959FA78942BB}.Release|Any CPU.ActiveCfg = Release|Any CPU
		{F05704B5-5276-F465-8B98-959FA78942BB}.Release|Any CPU.Build.0 = Release|Any CPU
	EndGlobalSection
	GlobalSection(SolutionProperties) = preSolution
		HideSolutionNode = FALSE
	EndGlobalSection
EndGlobal
