
Microsoft Visual Studio Solution File, Format Version 12.00
# Visual Studio 2015
Project("{FAE04EC0-301F-11D3-BF4B-00C04F79EFBC}") = "PROJETCamMove02 - Copie.CSharp", "PROJETCamMove02 - Copie.CSharp.csproj", "{AA6373D5-2778-AAC0-ACA9-878E23EC9D50}"
EndProject
Project("{FAE04EC0-301F-11D3-BF4B-00C04F79EFBC}") = "PROJETCamMove02 - Copie.CSharp.Editor", "PROJETCamMove02 - Copie.CSharp.Editor.csproj", "{4E91C7D5-8428-7C96-D4FA-4A42D430D80D}"
EndProject
Global
	GlobalSection(SolutionConfigurationPlatforms) = preSolution
		Debug|Any CPU = Debug|Any CPU
		Release|Any CPU = Release|Any CPU
	EndGlobalSection
	GlobalSection(ProjectConfigurationPlatforms) = postSolution
		{AA6373D5-2778-AAC0-ACA9-878E23EC9D50}.Debug|Any CPU.ActiveCfg = Debug|Any CPU
		{AA6373D5-2778-AAC0-ACA9-878E23EC9D50}.Debug|Any CPU.Build.0 = Debug|Any CPU
		{AA6373D5-2778-AAC0-ACA9-878E23EC9D50}.Release|Any CPU.ActiveCfg = Release|Any CPU
		{AA6373D5-2778-AAC0-ACA9-878E23EC9D50}.Release|Any CPU.Build.0 = Release|Any CPU
		{4E91C7D5-8428-7C96-D4FA-4A42D430D80D}.Debug|Any CPU.ActiveCfg = Debug|Any CPU
		{4E91C7D5-8428-7C96-D4FA-4A42D430D80D}.Debug|Any CPU.Build.0 = Debug|Any CPU
		{4E91C7D5-8428-7C96-D4FA-4A42D430D80D}.Release|Any CPU.ActiveCfg = Release|Any CPU
		{4E91C7D5-8428-7C96-D4FA-4A42D430D80D}.Release|Any CPU.Build.0 = Release|Any CPU
	EndGlobalSection
	GlobalSection(SolutionProperties) = preSolution
		HideSolutionNode = FALSE
	EndGlobalSection
EndGlobal
